# THIS IS AN AUTOGENERATED FILE. DO NOT EDIT THIS FILE DIRECTLY.
# yarn lockfile v1


"@aws-crypto/ie11-detection@^1.0.0":
  version "1.0.0"
  resolved "https://registry.yarnpkg.com/@aws-crypto/ie11-detection/-/ie11-detection-1.0.0.tgz#d3a6af29ba7f15458f79c41d1cd8cac3925e726a"
  integrity sha512-kCKVhCF1oDxFYgQrxXmIrS5oaWulkvRcPz+QBDMsUr2crbF4VGgGT6+uQhSwJFdUAQ2A//Vq+uT83eJrkzFgXA==
  dependencies:
    tslib "^1.11.1"

"@aws-crypto/sha256-browser@^1.0.0":
  version "1.1.1"
  resolved "https://registry.yarnpkg.com/@aws-crypto/sha256-browser/-/sha256-browser-1.1.1.tgz#85dddf13e8f8d74c0d6592d993e4bf401da9f420"
  integrity sha512-nS4vdan97It6HcweV58WXtjPbPSc0JXd3sAwlw3Ou5Mc3WllSycAS32Tv2LRn8butNQoU9AE3jEQAOgiMdNC1Q==
  dependencies:
    "@aws-crypto/ie11-detection" "^1.0.0"
    "@aws-crypto/sha256-js" "^1.1.0"
    "@aws-crypto/supports-web-crypto" "^1.0.0"
    "@aws-sdk/types" "^3.1.0"
    "@aws-sdk/util-locate-window" "^3.0.0"
    "@aws-sdk/util-utf8-browser" "^3.0.0"
    tslib "^1.11.1"

"@aws-crypto/sha256-js@^1.0.0", "@aws-crypto/sha256-js@^1.1.0":
  version "1.1.0"
  resolved "https://registry.yarnpkg.com/@aws-crypto/sha256-js/-/sha256-js-1.1.0.tgz#a58386ad18186e392e0f1d98d18831261d27b071"
  integrity sha512-VIhuqbPgXDVr8sZe2yhgQcDRRmzf4CI8fmC1A3bHiRfE6wlz1d8KpeemqbuoEHotz/Dch9yOxlshyQDNjNFeHA==
  dependencies:
    "@aws-sdk/types" "^3.1.0"
    "@aws-sdk/util-utf8-browser" "^3.0.0"
    tslib "^1.11.1"

"@aws-crypto/supports-web-crypto@^1.0.0":
  version "1.0.0"
  resolved "https://registry.yarnpkg.com/@aws-crypto/supports-web-crypto/-/supports-web-crypto-1.0.0.tgz#c40901bc17ac1e875e248df16a2b47ad8bfd9a93"
  integrity sha512-IHLfv+WmVH89EW4n6a5eE8/hUlz6qkWGMn/v4r5ZgzcXdTC5nolii2z3k46y01hWRiC2PPhOdeSLzMUCUMco7g==
  dependencies:
    tslib "^1.11.1"

"@aws-sdk/abort-controller@3.23.0":
  version "3.23.0"
  resolved "https://registry.yarnpkg.com/@aws-sdk/abort-controller/-/abort-controller-3.23.0.tgz#9a8d62f0a4bc789af759aa51d4dbad92a6a7b2d2"
  integrity sha512-M69Sdoi6TH2UrnXKKNJNDaW6iCqpras7w274CZq4NjFOGwrb23KO2Aexgxr3g3hsUidfjuA38oFbHgC8odFrIQ==
  dependencies:
    "@aws-sdk/types" "3.22.0"
    tslib "^2.3.0"

"@aws-sdk/client-secrets-manager@^3.23.0":
  version "3.23.0"
  resolved "https://registry.yarnpkg.com/@aws-sdk/client-secrets-manager/-/client-secrets-manager-3.23.0.tgz#86409d5e6ddf0face165f9f226909f40f6341869"
  integrity sha512-dz53qIs1haFDe1Q9CbL7CubfWhTIljSMh6PtRzwnkTgfDVNKlxiEPwk21A7m1kaCVjlTgiUeqEDO/fDlhDO1GQ==
  dependencies:
    "@aws-crypto/sha256-browser" "^1.0.0"
    "@aws-crypto/sha256-js" "^1.0.0"
    "@aws-sdk/client-sts" "3.23.0"
    "@aws-sdk/config-resolver" "3.23.0"
    "@aws-sdk/credential-provider-node" "3.23.0"
    "@aws-sdk/fetch-http-handler" "3.23.0"
    "@aws-sdk/hash-node" "3.23.0"
    "@aws-sdk/invalid-dependency" "3.23.0"
    "@aws-sdk/middleware-content-length" "3.23.0"
    "@aws-sdk/middleware-host-header" "3.23.0"
    "@aws-sdk/middleware-logger" "3.23.0"
    "@aws-sdk/middleware-retry" "3.23.0"
    "@aws-sdk/middleware-serde" "3.23.0"
    "@aws-sdk/middleware-signing" "3.23.0"
    "@aws-sdk/middleware-stack" "3.23.0"
    "@aws-sdk/middleware-user-agent" "3.23.0"
    "@aws-sdk/node-config-provider" "3.23.0"
    "@aws-sdk/node-http-handler" "3.23.0"
    "@aws-sdk/protocol-http" "3.23.0"
    "@aws-sdk/smithy-client" "3.23.0"
    "@aws-sdk/types" "3.22.0"
    "@aws-sdk/url-parser" "3.23.0"
    "@aws-sdk/util-base64-browser" "3.23.0"
    "@aws-sdk/util-base64-node" "3.23.0"
    "@aws-sdk/util-body-length-browser" "3.23.0"
    "@aws-sdk/util-body-length-node" "3.23.0"
    "@aws-sdk/util-user-agent-browser" "3.23.0"
    "@aws-sdk/util-user-agent-node" "3.23.0"
    "@aws-sdk/util-utf8-browser" "3.23.0"
    "@aws-sdk/util-utf8-node" "3.23.0"
    tslib "^2.3.0"
    uuid "^8.3.2"

"@aws-sdk/client-sso@3.23.0":
  version "3.23.0"
  resolved "https://registry.yarnpkg.com/@aws-sdk/client-sso/-/client-sso-3.23.0.tgz#4982bc9b159a7d88440fa08407a4f05b0176606f"
  integrity sha512-Q4ZC7bKAQrcyyRUGPyzyZoygjocP2MR88TYRyKC/WrAGra8owNts7Dn2jBDHfb/mb/Xb8yRNv87lx51Htl15SQ==
  dependencies:
    "@aws-crypto/sha256-browser" "^1.0.0"
    "@aws-crypto/sha256-js" "^1.0.0"
    "@aws-sdk/config-resolver" "3.23.0"
    "@aws-sdk/fetch-http-handler" "3.23.0"
    "@aws-sdk/hash-node" "3.23.0"
    "@aws-sdk/invalid-dependency" "3.23.0"
    "@aws-sdk/middleware-content-length" "3.23.0"
    "@aws-sdk/middleware-host-header" "3.23.0"
    "@aws-sdk/middleware-logger" "3.23.0"
    "@aws-sdk/middleware-retry" "3.23.0"
    "@aws-sdk/middleware-serde" "3.23.0"
    "@aws-sdk/middleware-stack" "3.23.0"
    "@aws-sdk/middleware-user-agent" "3.23.0"
    "@aws-sdk/node-config-provider" "3.23.0"
    "@aws-sdk/node-http-handler" "3.23.0"
    "@aws-sdk/protocol-http" "3.23.0"
    "@aws-sdk/smithy-client" "3.23.0"
    "@aws-sdk/types" "3.22.0"
    "@aws-sdk/url-parser" "3.23.0"
    "@aws-sdk/util-base64-browser" "3.23.0"
    "@aws-sdk/util-base64-node" "3.23.0"
    "@aws-sdk/util-body-length-browser" "3.23.0"
    "@aws-sdk/util-body-length-node" "3.23.0"
    "@aws-sdk/util-user-agent-browser" "3.23.0"
    "@aws-sdk/util-user-agent-node" "3.23.0"
    "@aws-sdk/util-utf8-browser" "3.23.0"
    "@aws-sdk/util-utf8-node" "3.23.0"
    tslib "^2.3.0"

"@aws-sdk/client-sts@3.23.0", "@aws-sdk/client-sts@^3.22.0":
  version "3.23.0"
  resolved "https://registry.yarnpkg.com/@aws-sdk/client-sts/-/client-sts-3.23.0.tgz#486df855471660965fc14d872c73343fc491a7be"
  integrity sha512-rF5YpfLw0DhP2ev4xKPoEvvZ3/KoahvlqrTst8VSbz08mI7qCOb2akGgN+6BUgaK4x9S/Suwq30HrFtbp1qjKA==
  dependencies:
    "@aws-crypto/sha256-browser" "^1.0.0"
    "@aws-crypto/sha256-js" "^1.0.0"
    "@aws-sdk/config-resolver" "3.23.0"
    "@aws-sdk/credential-provider-node" "3.23.0"
    "@aws-sdk/fetch-http-handler" "3.23.0"
    "@aws-sdk/hash-node" "3.23.0"
    "@aws-sdk/invalid-dependency" "3.23.0"
    "@aws-sdk/middleware-content-length" "3.23.0"
    "@aws-sdk/middleware-host-header" "3.23.0"
    "@aws-sdk/middleware-logger" "3.23.0"
    "@aws-sdk/middleware-retry" "3.23.0"
    "@aws-sdk/middleware-sdk-sts" "3.23.0"
    "@aws-sdk/middleware-serde" "3.23.0"
    "@aws-sdk/middleware-signing" "3.23.0"
    "@aws-sdk/middleware-stack" "3.23.0"
    "@aws-sdk/middleware-user-agent" "3.23.0"
    "@aws-sdk/node-config-provider" "3.23.0"
    "@aws-sdk/node-http-handler" "3.23.0"
    "@aws-sdk/protocol-http" "3.23.0"
    "@aws-sdk/smithy-client" "3.23.0"
    "@aws-sdk/types" "3.22.0"
    "@aws-sdk/url-parser" "3.23.0"
    "@aws-sdk/util-base64-browser" "3.23.0"
    "@aws-sdk/util-base64-node" "3.23.0"
    "@aws-sdk/util-body-length-browser" "3.23.0"
    "@aws-sdk/util-body-length-node" "3.23.0"
    "@aws-sdk/util-user-agent-browser" "3.23.0"
    "@aws-sdk/util-user-agent-node" "3.23.0"
    "@aws-sdk/util-utf8-browser" "3.23.0"
    "@aws-sdk/util-utf8-node" "3.23.0"
    entities "2.2.0"
    fast-xml-parser "3.19.0"
    tslib "^2.3.0"

"@aws-sdk/config-resolver@3.23.0":
  version "3.23.0"
  resolved "https://registry.yarnpkg.com/@aws-sdk/config-resolver/-/config-resolver-3.23.0.tgz#45f64e4fe6bd64b9eecb0400e49188133fdfee59"
  integrity sha512-acCxrAymwx81XELBO/d1VBWaHOldxqbmxDAMfvOfUYN+CYXWIFYpY1VCWuAeWig7Dy18QEJQ2pHwQlFxmilA7w==
  dependencies:
    "@aws-sdk/signature-v4" "3.23.0"
    "@aws-sdk/types" "3.22.0"
    tslib "^2.3.0"

"@aws-sdk/credential-provider-env@3.23.0":
  version "3.23.0"
  resolved "https://registry.yarnpkg.com/@aws-sdk/credential-provider-env/-/credential-provider-env-3.23.0.tgz#42f5457672d7fa913d8150a5a91fc229f234fcd2"
  integrity sha512-ljYkVATha4BdecVvYeW1WuzoAAwfM/i7p9Wmx1RY3Rb0AGwIFX2GjtoBPhS3EbCRTzQIhUr4zfIelVVVxIS6bA==
  dependencies:
    "@aws-sdk/property-provider" "3.23.0"
    "@aws-sdk/types" "3.22.0"
    tslib "^2.3.0"

"@aws-sdk/credential-provider-imds@3.23.0":
  version "3.23.0"
  resolved "https://registry.yarnpkg.com/@aws-sdk/credential-provider-imds/-/credential-provider-imds-3.23.0.tgz#772b0980f8c87f7935d1da2a4b88d14a7b5d4723"
  integrity sha512-jD1EkoVDApKZJwOLACTrnxhDmQiVF1qMM+GMnoY4bMk1p1sfZYNKs6VkaY2LGUWXxkesj1aiMFxbwyWmu8SQbQ==
  dependencies:
    "@aws-sdk/property-provider" "3.23.0"
    "@aws-sdk/types" "3.22.0"
    tslib "^2.3.0"

"@aws-sdk/credential-provider-ini@3.23.0":
  version "3.23.0"
  resolved "https://registry.yarnpkg.com/@aws-sdk/credential-provider-ini/-/credential-provider-ini-3.23.0.tgz#b7bfbce374ad139ac0b98f0d2d729a4dc30c725a"
  integrity sha512-n1h2YcuZ0ghpoNAYWc8VkVxYamQEBeHUbdfEVVJHsfSon+FBk5gI8V9IZm3xrLHQYwWBDMS/VxeIyKpWnduG9Q==
  dependencies:
    "@aws-sdk/credential-provider-env" "3.23.0"
    "@aws-sdk/credential-provider-imds" "3.23.0"
    "@aws-sdk/credential-provider-sso" "3.23.0"
    "@aws-sdk/credential-provider-web-identity" "3.23.0"
    "@aws-sdk/property-provider" "3.23.0"
    "@aws-sdk/shared-ini-file-loader" "3.23.0"
    "@aws-sdk/types" "3.22.0"
    "@aws-sdk/util-credentials" "3.23.0"
    tslib "^2.3.0"

"@aws-sdk/credential-provider-node@3.23.0":
  version "3.23.0"
  resolved "https://registry.yarnpkg.com/@aws-sdk/credential-provider-node/-/credential-provider-node-3.23.0.tgz#23789219a967192951c20a406e4af913fad08033"
  integrity sha512-wbYNUNMNZ+nCZamAc77yLkiO0Lq2isldkkLuQsjerhB9gN0/LBeWVPf6381d5wQN5Q/o7/XEdew0QDB5i0KmIw==
  dependencies:
    "@aws-sdk/credential-provider-env" "3.23.0"
    "@aws-sdk/credential-provider-imds" "3.23.0"
    "@aws-sdk/credential-provider-ini" "3.23.0"
    "@aws-sdk/credential-provider-process" "3.23.0"
    "@aws-sdk/credential-provider-sso" "3.23.0"
    "@aws-sdk/credential-provider-web-identity" "3.23.0"
    "@aws-sdk/property-provider" "3.23.0"
    "@aws-sdk/shared-ini-file-loader" "3.23.0"
    "@aws-sdk/types" "3.22.0"
    tslib "^2.3.0"

"@aws-sdk/credential-provider-process@3.23.0":
  version "3.23.0"
  resolved "https://registry.yarnpkg.com/@aws-sdk/credential-provider-process/-/credential-provider-process-3.23.0.tgz#86cf5ba064cac6fcd08a6019a119716e20941aad"
  integrity sha512-xba0u86nS5MtH3FQKSbTOEaoHjqpoj6NyonZEy0O5i9KO0NHf+bZwlmI/pe54SOE9uSrDKHfXB6dsftVIqXtFQ==
  dependencies:
    "@aws-sdk/property-provider" "3.23.0"
    "@aws-sdk/shared-ini-file-loader" "3.23.0"
    "@aws-sdk/types" "3.22.0"
    "@aws-sdk/util-credentials" "3.23.0"
    tslib "^2.3.0"

"@aws-sdk/credential-provider-sso@3.23.0":
  version "3.23.0"
  resolved "https://registry.yarnpkg.com/@aws-sdk/credential-provider-sso/-/credential-provider-sso-3.23.0.tgz#ff8cf1bb91df94cd057b4031a5dddb1ca1778efc"
  integrity sha512-5EXX505eSBN0GQcyO3lFDSU5btJc5aHgp9HJ7jFUqPn0OeNCtLepckuijzKC8cM11C3f2i1CCP/nn6II/fajew==
  dependencies:
    "@aws-sdk/client-sso" "3.23.0"
    "@aws-sdk/property-provider" "3.23.0"
    "@aws-sdk/shared-ini-file-loader" "3.23.0"
    "@aws-sdk/types" "3.22.0"
    "@aws-sdk/util-credentials" "3.23.0"
    tslib "^2.3.0"

"@aws-sdk/credential-provider-web-identity@3.23.0":
  version "3.23.0"
  resolved "https://registry.yarnpkg.com/@aws-sdk/credential-provider-web-identity/-/credential-provider-web-identity-3.23.0.tgz#06f08b45ff5b23abae06b6689f7e2d28064d47d6"
  integrity sha512-GbDw2izWfb4KG62V6MBTOKmDAhbexbemxJsR0rMlZxW/dEYQh/r8Nk+m7evAUakNMJGm4fcAZGxey+orReq1VQ==
  dependencies:
    "@aws-sdk/property-provider" "3.23.0"
    "@aws-sdk/types" "3.22.0"
    tslib "^2.3.0"

"@aws-sdk/fetch-http-handler@3.23.0":
  version "3.23.0"
  resolved "https://registry.yarnpkg.com/@aws-sdk/fetch-http-handler/-/fetch-http-handler-3.23.0.tgz#97c1f47f7c0a5c33c0748d2d024b40cfc96b6e1c"
  integrity sha512-gjToPkLlVOO8bHKhyw+d4mIX4OJEabqIFYbRFRDSm11LVLAAEc4pIFPYpMNWzrmDEnCxoGAcqfzP0m+0jChVCw==
  dependencies:
    "@aws-sdk/protocol-http" "3.23.0"
    "@aws-sdk/querystring-builder" "3.23.0"
    "@aws-sdk/types" "3.22.0"
    "@aws-sdk/util-base64-browser" "3.23.0"
    tslib "^2.3.0"

"@aws-sdk/hash-node@3.23.0":
  version "3.23.0"
  resolved "https://registry.yarnpkg.com/@aws-sdk/hash-node/-/hash-node-3.23.0.tgz#136348928c17419eacbbbf9a9278e36da16e1b49"
  integrity sha512-yah+vNhKv6jpJR5qHYGc/AIAWwR9Ah9NplAq8cltMsPuI38u/aSlbcEIDwsRz3V1MDA89f/+qY3OHBfQw5kLVw==
  dependencies:
    "@aws-sdk/types" "3.22.0"
    "@aws-sdk/util-buffer-from" "3.23.0"
    tslib "^2.3.0"

"@aws-sdk/invalid-dependency@3.23.0":
  version "3.23.0"
  resolved "https://registry.yarnpkg.com/@aws-sdk/invalid-dependency/-/invalid-dependency-3.23.0.tgz#1b6dd596356849f2e8af99c0d790f340f01524ef"
  integrity sha512-5VqL7crIEtXj+lBwh3kKdMMlejjumjJQ5uLYNSCE/jNS5YjnbhAfO+fyzMO50IhcSuG4Ev6i1DEezN9BmYdeXA==
  dependencies:
    "@aws-sdk/types" "3.22.0"
    tslib "^2.3.0"

"@aws-sdk/is-array-buffer@3.23.0":
  version "3.23.0"
  resolved "https://registry.yarnpkg.com/@aws-sdk/is-array-buffer/-/is-array-buffer-3.23.0.tgz#3a5d601b0102ea3a4d832bde647509c8405b2ec9"
  integrity sha512-XN20/scFthok0lCbjtinW77CoIBoar8cbOzmu+HkYTnBBpJrF6Ai5g9sgglO8r+X+OLn4PrDrTP+BxdpNuIh9g==
  dependencies:
    tslib "^2.3.0"

"@aws-sdk/middleware-content-length@3.23.0":
  version "3.23.0"
  resolved "https://registry.yarnpkg.com/@aws-sdk/middleware-content-length/-/middleware-content-length-3.23.0.tgz#cfc6c83d7b42b2f21a66bd6a8164fac28718f59e"
  integrity sha512-ooyNeXZUtI16Qh/HfcwLWn7NB2HvM/XEajaQmVIJXbVy/D2+N82+0Jo2hY3DouuIJjoEv/KZ5Uia/cgCdfHrHQ==
  dependencies:
    "@aws-sdk/protocol-http" "3.23.0"
    "@aws-sdk/types" "3.22.0"
    tslib "^2.3.0"

"@aws-sdk/middleware-host-header@3.23.0":
  version "3.23.0"
  resolved "https://registry.yarnpkg.com/@aws-sdk/middleware-host-header/-/middleware-host-header-3.23.0.tgz#b20b8684274db44525edacf3ee50b7254d5b1349"
  integrity sha512-bHqQbwY3guUr+AWcrerHIh1ONgqhV8W85+H7MYlt0V5/Kom0+ectR7yZZRt90PDMZ8OsW4+f5jTIURFMLtPbDA==
  dependencies:
    "@aws-sdk/protocol-http" "3.23.0"
    "@aws-sdk/types" "3.22.0"
    tslib "^2.3.0"

"@aws-sdk/middleware-logger@3.23.0":
  version "3.23.0"
  resolved "https://registry.yarnpkg.com/@aws-sdk/middleware-logger/-/middleware-logger-3.23.0.tgz#427babe45094dde77c0dcff914f8801b0400d8cf"
  integrity sha512-0z0ULcxllHO6xz1VeX/ekmg/LpNFL8nFbRH067s2KaimBeCUZ0CA2RwTpi9IY74tikmZAjerASb8eMgI+L/d7A==
  dependencies:
    "@aws-sdk/types" "3.22.0"
    tslib "^2.3.0"

"@aws-sdk/middleware-retry@3.23.0":
  version "3.23.0"
  resolved "https://registry.yarnpkg.com/@aws-sdk/middleware-retry/-/middleware-retry-3.23.0.tgz#10f87dd0ddd0b8766e48c0ab45009a045c696e49"
  integrity sha512-NimiKrP90+aW62QmkOrhQAZjrwjOQuWye2POzdetSrBHpnwj2KQWNBjcRwjkGt53krPcDyCySjIw+ivTRYdxWw==
  dependencies:
    "@aws-sdk/protocol-http" "3.23.0"
    "@aws-sdk/service-error-classification" "3.22.0"
    "@aws-sdk/types" "3.22.0"
    tslib "^2.3.0"
    uuid "^8.3.2"

"@aws-sdk/middleware-sdk-sts@3.23.0":
  version "3.23.0"
  resolved "https://registry.yarnpkg.com/@aws-sdk/middleware-sdk-sts/-/middleware-sdk-sts-3.23.0.tgz#d29a1d0bd8c5bc39ec5d70430588c106b2645819"
  integrity sha512-Rufzuqp4neVsyll9Ya9j+zpoK1fXrujBX6XRR5fRU3SsoAh5YWiUMrkxYxzTN+TLeXmyhCzmH/RuX2hgjMK0VQ==
  dependencies:
    "@aws-sdk/middleware-signing" "3.23.0"
    "@aws-sdk/property-provider" "3.23.0"
    "@aws-sdk/protocol-http" "3.23.0"
    "@aws-sdk/signature-v4" "3.23.0"
    "@aws-sdk/types" "3.22.0"
    tslib "^2.3.0"

"@aws-sdk/middleware-serde@3.23.0":
  version "3.23.0"
  resolved "https://registry.yarnpkg.com/@aws-sdk/middleware-serde/-/middleware-serde-3.23.0.tgz#928d87bbce6e002165835348600cf19ca9d5737c"
  integrity sha512-gNNMOo6Phm/BAnLsXvFfu4PHxKzN1saT3lNkODY2qKB1b4IoFNdMfHMo3jH4sbx7QYoM81qMXKr7aLp1BzTHtw==
  dependencies:
    "@aws-sdk/types" "3.22.0"
    tslib "^2.3.0"

"@aws-sdk/middleware-signing@3.23.0":
  version "3.23.0"
  resolved "https://registry.yarnpkg.com/@aws-sdk/middleware-signing/-/middleware-signing-3.23.0.tgz#7e492bed740c06f0310a40a52e9915639c452cdc"
  integrity sha512-cTozWnc8HLxLjHYU10+uqE4RqXYmmCJqoEKiSzJH7f8n20Pr9ly3rv3/9AfbqPth1PXsg0xHYq/ovCvq6RiaYA==
  dependencies:
    "@aws-sdk/property-provider" "3.23.0"
    "@aws-sdk/protocol-http" "3.23.0"
    "@aws-sdk/signature-v4" "3.23.0"
    "@aws-sdk/types" "3.22.0"
    tslib "^2.3.0"

"@aws-sdk/middleware-stack@3.23.0":
  version "3.23.0"
  resolved "https://registry.yarnpkg.com/@aws-sdk/middleware-stack/-/middleware-stack-3.23.0.tgz#b41a78eaf0c8d04b7cc1af0a81e8a803f51eee6e"
  integrity sha512-lk4u8wDajJ+VBXVWpzqaRUUJibt1YxsIciwLeZymilAZW5L9VtchUW9fmRpaZX8QHFGGkGuwZjtxlX6MeGXK4w==
  dependencies:
    tslib "^2.3.0"

"@aws-sdk/middleware-user-agent@3.23.0":
  version "3.23.0"
  resolved "https://registry.yarnpkg.com/@aws-sdk/middleware-user-agent/-/middleware-user-agent-3.23.0.tgz#ecd35ec3b3e360469a14dba1a39fa0cf060c06bc"
  integrity sha512-cwOypi0no2Nsrw1N3VGe/0XgbNl487Wn4jgKZvj+nxdSWh4HQMWpoTLB3YZtzro+J7uVK6X7W+QxBU20+Ypg1g==
  dependencies:
    "@aws-sdk/protocol-http" "3.23.0"
    "@aws-sdk/types" "3.22.0"
    tslib "^2.3.0"

"@aws-sdk/node-config-provider@3.23.0":
  version "3.23.0"
  resolved "https://registry.yarnpkg.com/@aws-sdk/node-config-provider/-/node-config-provider-3.23.0.tgz#2fd99f134b3152290c285caa2fe076b2cf75d16f"
  integrity sha512-OyhyqTXUy5HxPu2c1aCYFHKQGjf4uzjby9AteMhRJfa6cehuVODi3KEv7PyZmJQcYI0Pw9ZnoHqVrTNsUEC2YQ==
  dependencies:
    "@aws-sdk/property-provider" "3.23.0"
    "@aws-sdk/shared-ini-file-loader" "3.23.0"
    "@aws-sdk/types" "3.22.0"
    tslib "^2.3.0"

"@aws-sdk/node-http-handler@3.23.0":
  version "3.23.0"
  resolved "https://registry.yarnpkg.com/@aws-sdk/node-http-handler/-/node-http-handler-3.23.0.tgz#9c19775a343a439366f88ec42085fbd9372a21ba"
  integrity sha512-amvf0lwldUrr+CFtIeMZoNVmv34Fx3zwqobT5WuxtfRWbvSRALMw0LW/oXwoT+4WayM6sIwcIwSG1ZVGCjD0fA==
  dependencies:
    "@aws-sdk/abort-controller" "3.23.0"
    "@aws-sdk/protocol-http" "3.23.0"
    "@aws-sdk/querystring-builder" "3.23.0"
    "@aws-sdk/types" "3.22.0"
    tslib "^2.3.0"

"@aws-sdk/property-provider@3.23.0":
  version "3.23.0"
  resolved "https://registry.yarnpkg.com/@aws-sdk/property-provider/-/property-provider-3.23.0.tgz#d14ff1ce66a43c7af9cade2b0c2e84c2ccd0b457"
  integrity sha512-GjFtmFHVzO4BeLRselGirt32cyorP1aRbD+ID4Zhz4RLxa9Nun766s8lqp7EcR/v9pSGdP1Xec3no8ALV3lXmw==
  dependencies:
    "@aws-sdk/types" "3.22.0"
    tslib "^2.3.0"

"@aws-sdk/protocol-http@3.23.0":
  version "3.23.0"
  resolved "https://registry.yarnpkg.com/@aws-sdk/protocol-http/-/protocol-http-3.23.0.tgz#cc7a905a7f7b045d2714d094a5946ef932fa94c7"
  integrity sha512-JTsq/UU/wTyeCMPVar2xSsMVFf72IK0L7dXbbS7ZHcBV6JAfM/wVTym8/s3mQGM6Kx/c6Wtn+J/5syDx56CV2g==
  dependencies:
    "@aws-sdk/types" "3.22.0"
    tslib "^2.3.0"

"@aws-sdk/querystring-builder@3.23.0":
  version "3.23.0"
  resolved "https://registry.yarnpkg.com/@aws-sdk/querystring-builder/-/querystring-builder-3.23.0.tgz#fd3690d4b3199308151a61f3bd9cb022576e83e1"
  integrity sha512-MfQknhgMT9tul0VrxmLBDKlV7Ls2/kEJyprWXUWzCUBMUZ6M+FtOMJhjP90qTbsNvlsEVQgTlS/cDsNVrAUR3A==
  dependencies:
    "@aws-sdk/types" "3.22.0"
    "@aws-sdk/util-uri-escape" "3.23.0"
    tslib "^2.3.0"

"@aws-sdk/querystring-parser@3.23.0":
  version "3.23.0"
  resolved "https://registry.yarnpkg.com/@aws-sdk/querystring-parser/-/querystring-parser-3.23.0.tgz#7a3a969c10a935b64e66e1708d9dce7cf9fb3375"
  integrity sha512-pMEN+rE08QhixRfWEBuQwnOGuGiRjH5++mmyQTUIvEgKk/rnyAkUlrySv775jvrEQlCXH8yqMuHdutF8rHkHGA==
  dependencies:
    "@aws-sdk/types" "3.22.0"
    tslib "^2.3.0"

"@aws-sdk/service-error-classification@3.22.0":
  version "3.22.0"
  resolved "https://registry.yarnpkg.com/@aws-sdk/service-error-classification/-/service-error-classification-3.22.0.tgz#dce2271f7415d0be31d4b6021589870b9b914d40"
  integrity sha512-6ytFFoU8guAljwpmQTvZNf//cTurdumeLlAmQ8RJsbX3y5DGlpG2dfq7mpYJudtJtCQTwPYtaG5Xva460T2CqA==

"@aws-sdk/shared-ini-file-loader@3.23.0":
  version "3.23.0"
  resolved "https://registry.yarnpkg.com/@aws-sdk/shared-ini-file-loader/-/shared-ini-file-loader-3.23.0.tgz#574901a31e65e425632a9cae6a64f6382a2b76e8"
  integrity sha512-YUp46l6E3dLKHp1cKMkZI4slTjsVc/Lm7nPCTVc3oQvZ1MvC99N/jMCmZ7X5YYofuAUSdc9eJ8sYiF2BnUww9g==
  dependencies:
    tslib "^2.3.0"

"@aws-sdk/signature-v4@3.23.0":
  version "3.23.0"
  resolved "https://registry.yarnpkg.com/@aws-sdk/signature-v4/-/signature-v4-3.23.0.tgz#6ff22e675285b62c4caaa3d6a7833135ada2583a"
  integrity sha512-3smgG/6LcK8SjVqWzroAgSFOF8HKp4/LtOQQBtPkI04nTMVP4zmE5hsVQEZv33h5UKWkUpwQRBTCtfFZTq/Jvw==
  dependencies:
    "@aws-sdk/is-array-buffer" "3.23.0"
    "@aws-sdk/types" "3.22.0"
    "@aws-sdk/util-hex-encoding" "3.23.0"
    "@aws-sdk/util-uri-escape" "3.23.0"
    tslib "^2.3.0"

"@aws-sdk/smithy-client@3.23.0":
  version "3.23.0"
  resolved "https://registry.yarnpkg.com/@aws-sdk/smithy-client/-/smithy-client-3.23.0.tgz#50e55a1c4909204239ec48734f57c84404d7a476"
  integrity sha512-wdGuSKVBLaIrC0V9eScWIqYDd50Z/pfAek3OG9lmP4IJLYd4HQJFXTuOXUg9eaJW+qZp3oNXD3clLOyV7WMPQA==
  dependencies:
    "@aws-sdk/middleware-stack" "3.23.0"
    "@aws-sdk/types" "3.22.0"
    tslib "^2.3.0"

"@aws-sdk/types@3.22.0", "@aws-sdk/types@^3.1.0":
  version "3.22.0"
  resolved "https://registry.yarnpkg.com/@aws-sdk/types/-/types-3.22.0.tgz#323afc96eb27a69a97da0803254a62969d3d3539"
  integrity sha512-dGJBPbWm+YT+D5YIiqK3Z1xWzWShWgSxL1gPS9+vKNY2ld2TvtoiRhFy8NQG2jnC+eG/+WNeZS6ZxzLvEbQyTQ==

"@aws-sdk/url-parser@3.23.0":
  version "3.23.0"
  resolved "https://registry.yarnpkg.com/@aws-sdk/url-parser/-/url-parser-3.23.0.tgz#0f5c252e48d208773d60861ce39d2b5ef20880be"
  integrity sha512-uU4BDX0eilGlMuz8qDlNzcH3k4WTZWgMnBuJ9+TdxTXNiLvC+X9HBjVmB2Nr+3mEJhhrRc/8mTrleJvcl60Pyg==
  dependencies:
    "@aws-sdk/querystring-parser" "3.23.0"
    "@aws-sdk/types" "3.22.0"
    tslib "^2.3.0"

"@aws-sdk/util-base64-browser@3.23.0":
  version "3.23.0"
  resolved "https://registry.yarnpkg.com/@aws-sdk/util-base64-browser/-/util-base64-browser-3.23.0.tgz#61594ac9529756361c81ece287548ab5b8c5a768"
  integrity sha512-xlI/qw+uhLJWa3k0mRtRHQ42v5QzsMFEUXScredQMfJ/34qzXyocsG6OHPOTV1I8WSANrxnHR5m1Ae3iU6JuVw==
  dependencies:
    tslib "^2.3.0"

"@aws-sdk/util-base64-node@3.23.0":
  version "3.23.0"
  resolved "https://registry.yarnpkg.com/@aws-sdk/util-base64-node/-/util-base64-node-3.23.0.tgz#d0da9ed6b8aaa7513ba4b36a20b4794c72c074ce"
  integrity sha512-Kf8JIAUtjrPcD5CJzrig2B5CtegWswUNpW4zBarww/UJhHlp8WzKlCxxA+yNS1ghT0ZMjrRvxPabKDGpkyUfmQ==
  dependencies:
    "@aws-sdk/util-buffer-from" "3.23.0"
    tslib "^2.3.0"

"@aws-sdk/util-body-length-browser@3.23.0":
  version "3.23.0"
  resolved "https://registry.yarnpkg.com/@aws-sdk/util-body-length-browser/-/util-body-length-browser-3.23.0.tgz#1a5c5e7ea5e15d93bd178021c54d2ea41faeb1cd"
  integrity sha512-Bi6u/5omQbOBSB5BxqVvaPgVplLRjhhSuqK3XAukbeBPh7lcibIBdy7YvbhQyl4i8Hb2QjFnqqfzA0lNBe5eiw==
  dependencies:
    tslib "^2.3.0"

"@aws-sdk/util-body-length-node@3.23.0":
  version "3.23.0"
  resolved "https://registry.yarnpkg.com/@aws-sdk/util-body-length-node/-/util-body-length-node-3.23.0.tgz#2a7890b4fa6de78a042db9537a67f90ccb2a3034"
  integrity sha512-8kSczloA78mikPaJ742SU9Wpwfcz3HOruoXiP/pOy69UZEsMe4P7zTZI1bo8BAp7j6IFUPCXth9E3UAtkbz+CQ==
  dependencies:
    tslib "^2.3.0"

"@aws-sdk/util-buffer-from@3.23.0":
  version "3.23.0"
  resolved "https://registry.yarnpkg.com/@aws-sdk/util-buffer-from/-/util-buffer-from-3.23.0.tgz#3bc02f50c6e8a5c2b9db61faeb3bebc9de701c3b"
  integrity sha512-axXy1FvEOM1uECgMPmyHF1S3Hd7JI+BerhhcAlGig0bbqUsZVQUNL9yhOsWreA+nf1v08Ucj8P2SHPCT9Hvpgg==
  dependencies:
    "@aws-sdk/is-array-buffer" "3.23.0"
    tslib "^2.3.0"

"@aws-sdk/util-credentials@3.23.0":
  version "3.23.0"
  resolved "https://registry.yarnpkg.com/@aws-sdk/util-credentials/-/util-credentials-3.23.0.tgz#6b3138c3853c72adc93c3f57e8fb28f58ffdc364"
  integrity sha512-6TDGZnFa0kZr+vSsWXXMfWt347jbMGKtzGnBxbrmiQgZMijz9s/wLYxsjglZ+CyqI/QrSMOTtqy6mEgJxdnGWQ==
  dependencies:
    "@aws-sdk/shared-ini-file-loader" "3.23.0"
    tslib "^2.3.0"

"@aws-sdk/util-hex-encoding@3.23.0":
  version "3.23.0"
  resolved "https://registry.yarnpkg.com/@aws-sdk/util-hex-encoding/-/util-hex-encoding-3.23.0.tgz#a8de34faf9e51dd4be379be0e9d3bdc093ae6bf4"
  integrity sha512-RFDCwNrJMmmPSMVRadxRNePqTXGwtL9s4844x44D0bbGg1TdC42rrg0PRKYkxFL7wd1FbibVQOzciZAvzF+Z+w==
  dependencies:
    tslib "^2.3.0"

"@aws-sdk/util-locate-window@^3.0.0":
  version "3.23.0"
  resolved "https://registry.yarnpkg.com/@aws-sdk/util-locate-window/-/util-locate-window-3.23.0.tgz#e9bf2a023dce2ea1d13ec2e8c7c92abb333a1442"
  integrity sha512-mM8kWW7SWIxCshkNllpYqCQi5SzwJ+sv5nURhtquOB5/H3qGqZm0V5lUE3qpE1AYmqKwk6qbGUy1woFn1T5nrw==
  dependencies:
    tslib "^2.3.0"

"@aws-sdk/util-uri-escape@3.23.0":
  version "3.23.0"
  resolved "https://registry.yarnpkg.com/@aws-sdk/util-uri-escape/-/util-uri-escape-3.23.0.tgz#52539674966eb456d65408d9028ed114e94dfd49"
  integrity sha512-SvQx2E/FDlI5vLT67wwn/k1j2R/G58tYj4Te6GNgEwPGL43X2+7c0+d/WTgndMaRvxSBHZMUTxBYh1HOeU7loA==
  dependencies:
    tslib "^2.3.0"

"@aws-sdk/util-user-agent-browser@3.23.0":
  version "3.23.0"
  resolved "https://registry.yarnpkg.com/@aws-sdk/util-user-agent-browser/-/util-user-agent-browser-3.23.0.tgz#b56520071e2c0fea259e4c797ed69bc7ebcbd474"
  integrity sha512-FIjcCdvnUuOBMQgvPZ04Hk28Qy+xJDrtXeWm/7xKJ1K7NRucJWjmC+0OU0uw9A7VOCHf08nk9xniZhAGXs1wJg==
  dependencies:
    "@aws-sdk/types" "3.22.0"
    bowser "^2.11.0"
    tslib "^2.3.0"

"@aws-sdk/util-user-agent-node@3.23.0":
  version "3.23.0"
  resolved "https://registry.yarnpkg.com/@aws-sdk/util-user-agent-node/-/util-user-agent-node-3.23.0.tgz#e0493c275bd310c6283cf52d57a7f5ba6ff995e0"
  integrity sha512-6okok4u13uYRIYdgFZ4dCsowf5vKh+ZxkfVSwvnZO3XAaGEhmIkM3+JKIQjcxLJ+Mt0ssMSJwNMz5oOBSlXPeQ==
  dependencies:
    "@aws-sdk/node-config-provider" "3.23.0"
    "@aws-sdk/types" "3.22.0"
    tslib "^2.3.0"

"@aws-sdk/util-utf8-browser@3.23.0", "@aws-sdk/util-utf8-browser@^3.0.0":
  version "3.23.0"
  resolved "https://registry.yarnpkg.com/@aws-sdk/util-utf8-browser/-/util-utf8-browser-3.23.0.tgz#dff7e891c67936de677b7d7a6c796e5c2e1b1510"
  integrity sha512-fSB95AKnvCnAbCd7o0xLbErfAgD9wnLCaEu23AgfGAiaG3nFF8Z2+wtjebU/9Z4RI9d/x83Ho/yguRnJdkMsPA==
  dependencies:
    tslib "^2.3.0"

"@aws-sdk/util-utf8-node@3.23.0":
  version "3.23.0"
  resolved "https://registry.yarnpkg.com/@aws-sdk/util-utf8-node/-/util-utf8-node-3.23.0.tgz#9f9fe76745c79c8a148f15d78e9a5c03d2bf0441"
  integrity sha512-yao8+8okyfCxRvxZe3GBdO7lJnQEBf3P6rDgleOQD/0DZmMjOQGXCvDd42oagE2TegXhkUnJfVOZU2GqdoR0hg==
  dependencies:
    "@aws-sdk/util-buffer-from" "3.23.0"
    tslib "^2.3.0"

"@elastic/elasticsearch@^7.13.0":
  version "7.13.0"
  resolved "https://registry.yarnpkg.com/@elastic/elasticsearch/-/elasticsearch-7.13.0.tgz#6dcf511dfa91187e22c81e54f41f4bd0fd96b4d6"
  integrity sha512-WgwLWo2p9P2tdqzBGX9fHeG8p5IOTXprXNTECQG2mJ7z9n93N5AFBJpEw4d35tWWeCWi9jI13A2wzQZH7XZ/xw==
  dependencies:
    debug "^4.3.1"
    hpagent "^0.1.1"
    ms "^2.1.3"
    secure-json-parse "^2.4.0"

"@tsconfig/node10@^1.0.7":
  version "1.0.8"
  resolved "https://registry.yarnpkg.com/@tsconfig/node10/-/node10-1.0.8.tgz#c1e4e80d6f964fbecb3359c43bd48b40f7cadad9"
  integrity sha512-6XFfSQmMgq0CFLY1MslA/CPUfhIL919M1rMsa5lP2P097N2Wd1sSX0tx1u4olM16fLNhtHZpRhedZJphNJqmZg==

"@tsconfig/node12@^1.0.7":
  version "1.0.9"
  resolved "https://registry.yarnpkg.com/@tsconfig/node12/-/node12-1.0.9.tgz#62c1f6dee2ebd9aead80dc3afa56810e58e1a04c"
  integrity sha512-/yBMcem+fbvhSREH+s14YJi18sp7J9jpuhYByADT2rypfajMZZN4WQ6zBGgBKp53NKmqI36wFYDb3yaMPurITw==

"@tsconfig/node14@^1.0.0":
  version "1.0.1"
  resolved "https://registry.yarnpkg.com/@tsconfig/node14/-/node14-1.0.1.tgz#95f2d167ffb9b8d2068b0b235302fafd4df711f2"
  integrity sha512-509r2+yARFfHHE7T6Puu2jjkoycftovhXRqW328PDXTVGKihlb1P8Z9mMZH04ebyajfRY7dedfGynlrFHJUQCg==

"@tsconfig/node16@^1.0.1":
  version "1.0.1"
  resolved "https://registry.yarnpkg.com/@tsconfig/node16/-/node16-1.0.1.tgz#a6ca6a9a0ff366af433f42f5f0e124794ff6b8f1"
  integrity sha512-FTgBI767POY/lKNDNbIzgAX6miIDBs6NTCbdlDb8TrWovHsSvaVIZDlTqym29C6UqhzwcJx4CYr+AlrMywA0cA==

"@tsconfig/recommended@^1.0.1":
  version "1.0.1"
  resolved "https://registry.yarnpkg.com/@tsconfig/recommended/-/recommended-1.0.1.tgz#7619bad397e06ead1c5182926c944e0ca6177f52"
  integrity sha512-2xN+iGTbPBEzGSnVp/Hd64vKJCJWxsi9gfs88x4PPMyEjHJoA3o5BY9r5OLPHIZU2pAQxkSAsJFqn6itClP8mQ==

"@types/node-fetch@^2.5.11":
  version "2.5.11"
  resolved "https://registry.yarnpkg.com/@types/node-fetch/-/node-fetch-2.5.11.tgz#ce22a2e65fc8999f4dbdb7ddbbcf187d755169e4"
  integrity sha512-2upCKaqVZETDRb8A2VTaRymqFBEgH8u6yr96b/u3+1uQEPDRo3mJLEiPk7vdXBHRtjwkjqzFYMJXrt0Z9QsYjQ==
  dependencies:
    "@types/node" "*"
    form-data "^3.0.0"

"@types/node@*":
  version "16.3.2"
  resolved "https://registry.yarnpkg.com/@types/node/-/node-16.3.2.tgz#655432817f83b51ac869c2d51dd8305fb8342e16"
  integrity sha512-jJs9ErFLP403I+hMLGnqDRWT0RYKSvArxuBVh2veudHV7ifEC1WAmjJADacZ7mRbA2nWgHtn8xyECMAot0SkAw==

"@types/node@^16.4.1":
  version "16.4.1"
  resolved "https://registry.yarnpkg.com/@types/node/-/node-16.4.1.tgz#9fad171a5b701613ee8a6f4ece3c88b1034b1b03"
  integrity sha512-UW7cbLqf/Wu5XH2RKKY1cHwUNLicIDRLMraYKz+HHAerJ0ZffUEk+fMnd8qU2JaS6cAy0r8tsaf7yqHASf/Y0Q==

"@weco/ts-aws@^0.0.14":
  version "0.0.14"
  resolved "https://registry.yarnpkg.com/@weco/ts-aws/-/ts-aws-0.0.14.tgz#77f28a2929cb47aa76b0a27964d85bd24afd8a5e"
  integrity sha512-D8u8tODHZGPQF1lhyu21CF1PnLWaMsPf7s11bmA3fAbARAOb0tW8G+B1/+7urnaDLaCVgZUssV796egXl3cMww==
  dependencies:
    "@aws-sdk/client-sts" "^3.22.0"

arg@^4.1.0:
  version "4.1.3"
  resolved "https://registry.yarnpkg.com/arg/-/arg-4.1.3.tgz#269fc7ad5b8e42cb63c896d5666017261c144089"
  integrity sha512-58S9QDqG0Xx27YwPSt9fJxivjYl432YCwfDMfZ+71RAqUrZef7LrKQZ3LHLOwCS4FLNBplP533Zx895SeOCHvA==

asynckit@^0.4.0:
  version "0.4.0"
  resolved "https://registry.yarnpkg.com/asynckit/-/asynckit-0.4.0.tgz#c79ed97f7f34cb8f2ba1bc9790bcc366474b4b79"
  integrity sha1-x57Zf380y48robyXkLzDZkdLS3k=

bowser@^2.11.0:
  version "2.11.0"
  resolved "https://registry.yarnpkg.com/bowser/-/bowser-2.11.0.tgz#5ca3c35757a7aa5771500c70a73a9f91ef420a8f"
  integrity sha512-AlcaJBi/pqqJBIQ8U9Mcpc9i8Aqxn88Skv5d+xBX006BY5u8N3mGLHa5Lgppa7L/HfwgwLgZ6NYs+Ag6uUmJRA==

buffer-from@^1.0.0:
  version "1.1.1"
  resolved "https://registry.yarnpkg.com/buffer-from/-/buffer-from-1.1.1.tgz#32713bc028f75c02fdb710d7c7bcec1f2c6070ef"
  integrity sha512-MQcXEUbCKtEo7bhqEs6560Hyd4XaovZlO/k9V3hjVUF/zwW7KBVdSK4gIt/bzwS9MbR5qob+F5jusZsb0YQK2A==

combined-stream@^1.0.8:
  version "1.0.8"
  resolved "https://registry.yarnpkg.com/combined-stream/-/combined-stream-1.0.8.tgz#c3d45a8b34fd730631a110a8a2520682b31d5a7f"
  integrity sha512-FQN4MRfuJeHf7cBbBMJFXhKSDq+2kAArBlmRBvcvFE5BB1HZKXtSFASDhdlz9zOYwxh8lDdnvmMOe/+5cdoEdg==
  dependencies:
    delayed-stream "~1.0.0"

create-require@^1.1.0:
  version "1.1.1"
  resolved "https://registry.yarnpkg.com/create-require/-/create-require-1.1.1.tgz#c1d7e8f1e5f6cfc9ff65f9cd352d37348756c333"
  integrity sha512-dcKFX3jn0MpIaXjisoRvexIJVEKzaq7z2rZKxf+MSr9TkdmHmsU4m2lcLojrj/FHl8mk5VxMmYA+ftRkP/3oKQ==

debug@^4.3.1:
  version "4.3.2"
  resolved "https://registry.yarnpkg.com/debug/-/debug-4.3.2.tgz#f0a49c18ac8779e31d4a0c6029dfb76873c7428b"
  integrity sha512-mOp8wKcvj7XxC78zLgw/ZA+6TSgkoE2C/ienthhRD298T7UNwAg9diBpLRxC0mOezLl4B0xV7M0cCO6P/O0Xhw==
  dependencies:
    ms "2.1.2"

delayed-stream@~1.0.0:
  version "1.0.0"
  resolved "https://registry.yarnpkg.com/delayed-stream/-/delayed-stream-1.0.0.tgz#df3ae199acadfb7d440aaae0b29e2272b24ec619"
  integrity sha1-3zrhmayt+31ECqrgsp4icrJOxhk=

diff@^4.0.1:
  version "4.0.2"
  resolved "https://registry.yarnpkg.com/diff/-/diff-4.0.2.tgz#60f3aecb89d5fae520c11aa19efc2bb982aade7d"
  integrity sha512-58lmxKSA4BNyLz+HHMUzlOEpg09FV+ev6ZMe3vJihgdxzgcwZ8VoEEPmALCZG9LmqfVoNMMKpttIYTVG6uDY7A==

dom-walk@^0.1.0:
  version "0.1.2"
  resolved "https://registry.yarnpkg.com/dom-walk/-/dom-walk-0.1.2.tgz#0c548bef048f4d1f2a97249002236060daa3fd84"
  integrity sha512-6QvTW9mrGeIegrFXdtQi9pk7O/nSK6lSdXW2eqUspN5LWD7UTji2Fqw5V2YLjBpHEoU9Xl/eUWNpDeZvoyOv2w==

entities@2.2.0:
  version "2.2.0"
  resolved "https://registry.yarnpkg.com/entities/-/entities-2.2.0.tgz#098dc90ebb83d8dffa089d55256b351d34c4da55"
  integrity sha512-p92if5Nz619I0w+akJrLZH0MX0Pb5DX39XOwQTtXSdQQOaYH03S1uIQp4mhOZtAXrxq4ViO67YTiLBo2638o9A==

fast-xml-parser@3.19.0:
  version "3.19.0"
  resolved "https://registry.yarnpkg.com/fast-xml-parser/-/fast-xml-parser-3.19.0.tgz#cb637ec3f3999f51406dd8ff0e6fc4d83e520d01"
  integrity sha512-4pXwmBplsCPv8FOY1WRakF970TjNGnGnfbOnLqjlYvMiF1SR3yOHyxMR/YCXpPTOspNF5gwudqktIP4VsWkvBg==

form-data@^3.0.0:
  version "3.0.1"
  resolved "https://registry.yarnpkg.com/form-data/-/form-data-3.0.1.tgz#ebd53791b78356a99af9a300d4282c4d5eb9755f"
  integrity sha512-RHkBKtLWUVwd7SqRIvCZMEvAMoGUp0XU+seQiZejj0COz3RI3hWP4sCv3gZWWLjJTd7rGwcsF5eKZGii0r/hbg==
  dependencies:
    asynckit "^0.4.0"
    combined-stream "^1.0.8"
    mime-types "^2.1.12"

global@^4.4.0:
  version "4.4.0"
  resolved "https://registry.yarnpkg.com/global/-/global-4.4.0.tgz#3e7b105179006a323ed71aafca3e9c57a5cc6406"
  integrity sha512-wv/LAoHdRE3BeTGz53FAamhGlPLhlssK45usmGFThIi4XqnBmjKQ16u+RNbP7WvigRZDxUsM0J3gcQ5yicaL0w==
  dependencies:
    min-document "^2.19.0"
    process "^0.11.10"

hpagent@^0.1.1:
  version "0.1.2"
  resolved "https://registry.yarnpkg.com/hpagent/-/hpagent-0.1.2.tgz#cab39c66d4df2d4377dbd212295d878deb9bdaa9"
  integrity sha512-ePqFXHtSQWAFXYmj+JtOTHr84iNrII4/QRlAAPPE+zqnKy4xJo7Ie1Y4kC7AdB+LxLxSTTzBMASsEcy0q8YyvQ==

kleur@^3.0.3:
  version "3.0.3"
  resolved "https://registry.yarnpkg.com/kleur/-/kleur-3.0.3.tgz#a79c9ecc86ee1ce3fa6206d1216c501f147fc07e"
  integrity sha512-eTIzlVOSUR+JxdDFepEYcBMtZ9Qqdef+rnzWdRZuMbOywu5tO2w2N7rqjoANZ5k9vywhL6Br1VRjUIgTQx4E8w==

make-error@^1.1.1:
  version "1.3.6"
  resolved "https://registry.yarnpkg.com/make-error/-/make-error-1.3.6.tgz#2eb2e37ea9b67c4891f684a1394799af484cf7a2"
  integrity sha512-s8UhlNe7vPKomQhC1qFelMokr/Sc3AgNbso3n74mVPA5LTZwkB9NlXf4XPamLxJE8h0gh73rM94xvwRT2CVInw==

mime-db@1.48.0:
  version "1.48.0"
  resolved "https://registry.yarnpkg.com/mime-db/-/mime-db-1.48.0.tgz#e35b31045dd7eada3aaad537ed88a33afbef2d1d"
  integrity sha512-FM3QwxV+TnZYQ2aRqhlKBMHxk10lTbMt3bBkMAp54ddrNeVSfcQYOOKuGuy3Ddrm38I04If834fOUSq1yzslJQ==

mime-types@^2.1.12:
  version "2.1.31"
  resolved "https://registry.yarnpkg.com/mime-types/-/mime-types-2.1.31.tgz#a00d76b74317c61f9c2db2218b8e9f8e9c5c9e6b"
  integrity sha512-XGZnNzm3QvgKxa8dpzyhFTHmpP3l5YNusmne07VUOXxou9CqUqYa/HBy124RqtVh/O2pECas/MOcsDgpilPOPg==
  dependencies:
    mime-db "1.48.0"

min-document@^2.19.0:
  version "2.19.0"
  resolved "https://registry.yarnpkg.com/min-document/-/min-document-2.19.0.tgz#7bd282e3f5842ed295bb748cdd9f1ffa2c824685"
  integrity sha1-e9KC4/WELtKVu3SM3Z8f+iyCRoU=
  dependencies:
    dom-walk "^0.1.0"

ms@2.1.2:
  version "2.1.2"
  resolved "https://registry.yarnpkg.com/ms/-/ms-2.1.2.tgz#d09d1f357b443f493382a8eb3ccd183872ae6009"
  integrity sha512-sGkPx+VjMtmA6MX27oA4FBFELFCZZ4S4XqeGOXCv68tT+jb3vk/RyaKWP0PTKyWtmLSM0b+adUTEvbs1PEaH2w==

ms@^2.1.3:
  version "2.1.3"
  resolved "https://registry.yarnpkg.com/ms/-/ms-2.1.3.tgz#574c8138ce1d2b5861f0b44579dbadd60c6615b2"
  integrity sha512-6FlzubTLZG3J2a/NVCAleEhjzq5oxgHyaCU9yYXvcLsvoVaHJq/s5xXI6/XXP6tz7R9xAOtHnSO/tXtF3WRTlA==

node-fetch@^2.6.1:
  version "2.6.1"
  resolved "https://registry.yarnpkg.com/node-fetch/-/node-fetch-2.6.1.tgz#045bd323631f76ed2e2b55573394416b639a0052"
  integrity sha512-V4aYg89jEoVRxRb2fJdAg8FHvI7cEyYdVAh94HH0UIK8oJxUfkjlDQN9RbMx+bEjP7+ggMiFRprSti032Oipxw==

process@^0.11.10:
  version "0.11.10"
  resolved "https://registry.yarnpkg.com/process/-/process-0.11.10.tgz#7332300e840161bda3e69a1d1d91a7d4bc16f182"
  integrity sha1-czIwDoQBYb2j5podHZGn1LwW8YI=

prompts@^2.4.1:
  version "2.4.1"
  resolved "https://registry.yarnpkg.com/prompts/-/prompts-2.4.1.tgz#befd3b1195ba052f9fd2fde8a486c4e82ee77f61"
  integrity sha512-EQyfIuO2hPDsX1L/blblV+H7I0knhgAd82cVneCwcdND9B8AuCDuRcBH6yIcG4dFzlOUqbazQqwGjx5xmsNLuQ==
  dependencies:
    kleur "^3.0.3"
    sisteransi "^1.0.5"

secure-json-parse@^2.4.0:
  version "2.4.0"
  resolved "https://registry.yarnpkg.com/secure-json-parse/-/secure-json-parse-2.4.0.tgz#5aaeaaef85c7a417f76271a4f5b0cc3315ddca85"
  integrity sha512-Q5Z/97nbON5t/L/sH6mY2EacfjVGwrCcSi5D3btRO2GZ8pf1K1UN7Z9H5J57hjVU2Qzxr1xO+FmBhOvEkzCMmg==

sisteransi@^1.0.5:
  version "1.0.5"
  resolved "https://registry.yarnpkg.com/sisteransi/-/sisteransi-1.0.5.tgz#134d681297756437cc05ca01370d3a7a571075ed"
  integrity sha512-bLGGlR1QxBcynn2d5YmDX4MGjlZvy2MRBDRNHLJ8VI6l6+9FUiyTFNJ0IveOSP0bcXgVDPRcfGqA0pjaqUpfVg==

source-map-support@^0.5.17:
  version "0.5.19"
  resolved "https://registry.yarnpkg.com/source-map-support/-/source-map-support-0.5.19.tgz#a98b62f86dcaf4f67399648c085291ab9e8fed61"
  integrity sha512-Wonm7zOCIJzBGQdB+thsPar0kYuCIzYvxZwlBa87yi/Mdjv7Tip2cyVbLj5o0cFPN4EVkuTwb3GDDyUx2DGnGw==
  dependencies:
    buffer-from "^1.0.0"
    source-map "^0.6.0"

source-map@^0.6.0:
  version "0.6.1"
  resolved "https://registry.yarnpkg.com/source-map/-/source-map-0.6.1.tgz#74722af32e9614e9c287a8d0bbde48b5e2f1a263"
  integrity sha512-UjgapumWlbMhkBgzT7Ykc5YXUT46F0iKu8SGXq0bcwP5dz/h0Plj6enJqjz1Zbq2l5WaqYnrVbwWOWMyF3F47g==

ts-node@^10.1.0:
  version "10.1.0"
  resolved "https://registry.yarnpkg.com/ts-node/-/ts-node-10.1.0.tgz#e656d8ad3b61106938a867f69c39a8ba6efc966e"
  integrity sha512-6szn3+J9WyG2hE+5W8e0ruZrzyk1uFLYye6IGMBadnOzDh8aP7t8CbFpsfCiEx2+wMixAhjFt7lOZC4+l+WbEA==
  dependencies:
    "@tsconfig/node10" "^1.0.7"
    "@tsconfig/node12" "^1.0.7"
    "@tsconfig/node14" "^1.0.0"
    "@tsconfig/node16" "^1.0.1"
    arg "^4.1.0"
    create-require "^1.1.0"
    diff "^4.0.1"
    make-error "^1.1.1"
    source-map-support "^0.5.17"
    yn "3.1.1"

tslib@^1.11.1:
  version "1.14.1"
  resolved "https://registry.yarnpkg.com/tslib/-/tslib-1.14.1.tgz#cf2d38bdc34a134bcaf1091c41f6619e2f672d00"
  integrity sha512-Xni35NKzjgMrwevysHTCArtLDpPvye8zV/0E4EyYn43P7/7qvQwPh9BGkHewbMulVntbigmcT7rdX3BNo9wRJg==

tslib@^2.3.0:
  version "2.3.0"
  resolved "https://registry.yarnpkg.com/tslib/-/tslib-2.3.0.tgz#803b8cdab3e12ba581a4ca41c8839bbb0dacb09e"
  integrity sha512-N82ooyxVNm6h1riLCoyS9e3fuJ3AMG2zIZs2Gd1ATcSFjSA23Q0fzjjZeh0jbJvWVDZ0cJT8yaNNaaXHzueNjg==

typescript@^4.3.5:
  version "4.3.5"
  resolved "https://registry.yarnpkg.com/typescript/-/typescript-4.3.5.tgz#4d1c37cc16e893973c45a06886b7113234f119f4"
  integrity sha512-DqQgihaQ9cUrskJo9kIyW/+g0Vxsk8cDtZ52a3NGh0YNTfpUSArXSohyUGnvbPazEPLu398C0UxmKSOrPumUzA==

uuid@^8.3.2:
  version "8.3.2"
  resolved "https://registry.yarnpkg.com/uuid/-/uuid-8.3.2.tgz#80d5b5ced271bb9af6c445f21a1a04c606cefbe2"
  integrity sha512-+NYs2QeMWy+GWFOEm9xnn6HCDp0l7QBD7ml8zLUmJ+93Q5NF0NocErnwkTkXVFNiX3/fpC6afS8Dhb/gz7R7eg==

yn@3.1.1:
  version "3.1.1"
  resolved "https://registry.yarnpkg.com/yn/-/yn-3.1.1.tgz#1e87401a09d767c1d5eab26a6e4c185182d2eb50"
  integrity sha512-Ux4ygGWsu2c7isFWe8Yu1YluJmqVhxqK2cLXNQA5AcC3QfbGNpM7fu0Y8b/z16pXLnFxZYvWhd3fhBY9DLmC6Q==
